
Microsoft Visual Studio Solution File, Format Version 12.00
# Visual Studio Version 17
VisualStudioVersion = 17.13.35825.156
MinimumVisualStudioVersion = 10.0.40219.1
Project("{FAE04EC0-301F-11D3-BF4B-00C04F79EFBC}") = "_ndp_proje_yariyil2", "_ndp_proje_yariyil2\_ndp_proje_yariyil2.csproj", "{C92A2D32-AFFD-4736-97A4-A81C8A7672E6}"
EndProject
Global
	GlobalSection(SolutionConfigurationPlatforms) = preSolution
		Debug|Any CPU = Debug|Any CPU
		Release|Any CPU = Release|Any CPU
	EndGlobalSection
	GlobalSection(ProjectConfigurationPlatforms) = postSolution
		{C92A2D32-AFFD-4736-97A4-A81C8A7672E6}.Debug|Any CPU.ActiveCfg = Debug|Any CPU
		{C92A2D32-AFFD-4736-97A4-A81C8A7672E6}.Debug|Any CPU.Build.0 = Debug|Any CPU
		{C92A2D32-AFFD-4736-97A4-A81C8A7672E6}.Release|Any CPU.ActiveCfg = Release|Any CPU
		{C92A2D32-AFFD-4736-97A4-A81C8A7672E6}.Release|Any CPU.Build.0 = Release|Any CPU
	EndGlobalSection
	GlobalSection(SolutionProperties) = preSolution
		HideSolutionNode = FALSE
	EndGlobalSection
	GlobalSection(ExtensibilityGlobals) = postSolution
		SolutionGuid = {D2C6D5B9-FAE9-44A3-9F54-35BA151D23B0}
	EndGlobalSection
EndGlobal
